// !$*UTF8*$!
{
	archiveVersion = 1;
	classes = {
	};
	objectVersion = 77;
	objects = {

/* Begin PBXContainerItemProxy section */
		56232F452E72B178001F8B87 /* PBXContainerItemProxy */ = {
			isa = PBXContainerItemProxy;
			containerPortal = 56232F2E2E72B178001F8B87 /* Project object */;
			proxyType = 1;
			remoteGlobalIDString = 56232F352E72B178001F8B87;
			remoteInfo = Icons;
		};
		56232F4F2E72B178001F8B87 /* PBXContainerItemProxy */ = {
			isa = PBXContainerItemProxy;
			containerPortal = 56232F2E2E72B178001F8B87 /* Project object */;
			proxyType = 1;
			remoteGlobalIDString = 56232F352E72B178001F8B87;
			remoteInfo = Icons;
		};
/* End PBXContainerItemProxy section */

/* Begin PBXFileReference section */
		56232F362E72B178001F8B87 /* Icons.app */ = {isa = PBXFileReference; explicitFileType = wrapper.application; includeInIndex = 0; path = Icons.app; sourceTree = BUILT_PRODUCTS_DIR; };
		56232F442E72B178001F8B87 /* IconsTests.xctest */ = {isa = PBXFileReference; explicitFileType = wrapper.cfbundle; includeInIndex = 0; path = IconsTests.xctest; sourceTree = BUILT_PRODUCTS_DIR; };
		56232F4E2E72B178001F8B87 /* IconsUITests.xctest */ = {isa = PBXFileReference; explicitFileType = wrapper.cfbundle; includeInIndex = 0; path = IconsUITests.xctest; sourceTree = BUILT_PRODUCTS_DIR; };
/* End PBXFileReference section */

/* Begin PBXFileSystemSynchronizedBuildFileExceptionSet section */
		5610A4612E78089700BCE991 /* Exceptions for "Icons" folder in "Icons" target */ = {
			isa = PBXFileSystemSynchronizedBuildFileExceptionSet;
			membershipExceptions = (
				Info.plist,
			);
			target = 56232F352E72B178001F8B87 /* Icons */;
		};
/* End PBXFileSystemSynchronizedBuildFileExceptionSet section */

/* Begin PBXFileSystemSynchronizedRootGroup section */
		56232F382E72B178001F8B87 /* Icons */ = {
			isa = PBXFileSystemSynchronizedRootGroup;
			exceptions = (
				5610A4612E78089700BCE991 /* Exceptions for "Icons" folder in "Icons" target */,
			);
			path = Icons;
			sourceTree = "<group>";
		};
		56232F472E72B178001F8B87 /* IconsTests */ = {
			isa = PBXFileSystemSynchronizedRootGroup;
			path = IconsTests;
			sourceTree = "<group>";
		};
		56232F512E72B178001F8B87 /* IconsUITests */ = {
			isa = PBXFileSystemSynchronizedRootGroup;
			path = IconsUITests;
			sourceTree = "<group>";
		};
/* End PBXFileSystemSynchronizedRootGroup section */

/* Begin PBXFrameworksBuildPhase section */
		56232F332E72B178001F8B87 /* Frameworks */ = {
			isa = PBXFrameworksBuildPhase;
			buildActionMask = 2147483647;
			files = (
			);
			runOnlyForDeploymentPostprocessing = 0;
		};
		56232F412E72B178001F8B87 /* Frameworks */ = {
			isa = PBXFrameworksBuildPhase;
			buildActionMask = 2147483647;
			files = (
			);
			runOnlyForDeploymentPostprocessing = 0;
		};
		56232F4B2E72B178001F8B87 /* Frameworks */ = {
			isa = PBXFrameworksBuildPhase;
			buildActionMask = 2147483647;
			files = (
			);
			runOnlyForDeploymentPostprocessing = 0;
		};
/* End PBXFrameworksBuildPhase section */

/* Begin PBXGroup section */
		56232F2D2E72B178001F8B87 = {
			isa = PBXGroup;
			children = (
				56232F382E72B178001F8B87 /* Icons */,
				56232F472E72B178001F8B87 /* IconsTests */,
				56232F512E72B178001F8B87 /* IconsUITests */,
				56232F372E72B178001F8B87 /* Products */,
			);
			sourceTree = "<group>";
		};
		56232F372E72B178001F8B87 /* Products */ = {
			isa = PBXGroup;
			children = (
				56232F362E72B178001F8B87 /* Icons.app */,
				56232F442E72B178001F8B87 /* IconsTests.xctest */,
				56232F4E2E72B178001F8B87 /* IconsUITests.xctest */,
			);
			name = Products;
			sourceTree = "<group>";
		};
/* End PBXGroup section */

/* Begin PBXNativeTarget section */
		56232F352E72B178001F8B87 /* Icons */ = {
			isa = PBXNativeTarget;
			buildConfigurationList = 56232F582E72B178001F8B87 /* Build configuration list for PBXNativeTarget "Icons" */;
			buildPhases = (
				56232F322E72B178001F8B87 /* Sources */,
				56232F332E72B178001F8B87 /* Frameworks */,
				56232F342E72B178001F8B87 /* Resources */,
			);
			buildRules = (
			);
			dependencies = (
			);
			fileSystemSynchronizedGroups = (
				56232F382E72B178001F8B87 /* Icons */,
			);
			name = Icons;
			packageProductDependencies = (
			);
			productName = Icons;
			productReference = 56232F362E72B178001F8B87 /* Icons.app */;
			productType = "com.apple.product-type.application";
		};
		56232F432E72B178001F8B87 /* IconsTests */ = {
			isa = PBXNativeTarget;
			buildConfigurationList = 56232F5B2E72B178001F8B87 /* Build configuration list for PBXNativeTarget "IconsTests" */;
			buildPhases = (
				56232F402E72B178001F8B87 /* Sources */,
				56232F412E72B178001F8B87 /* Frameworks */,
				56232F422E72B178001F8B87 /* Resources */,
			);
			buildRules = (
			);
			dependencies = (
				56232F462E72B178001F8B87 /* PBXTargetDependency */,
			);
			fileSystemSynchronizedGroups = (
				56232F472E72B178001F8B87 /* IconsTests */,
			);
			name = IconsTests;
			packageProductDependencies = (
			);
			productName = IconsTests;
			productReference = 56232F442E72B178001F8B87 /* IconsTests.xctest */;
			productType = "com.apple.product-type.bundle.unit-test";
		};
		56232F4D2E72B178001F8B87 /* IconsUITests */ = {
			isa = PBXNativeTarget;
			buildConfigurationList = 56232F5E2E72B178001F8B87 /* Build configuration list for PBXNativeTarget "IconsUITests" */;
			buildPhases = (
				56232F4A2E72B178001F8B87 /* Sources */,
				56232F4B2E72B178001F8B87 /* Frameworks */,
				56232F4C2E72B178001F8B87 /* Resources */,
			);
			buildRules = (
			);
			dependencies = (
				56232F502E72B178001F8B87 /* PBXTargetDependency */,
			);
			fileSystemSynchronizedGroups = (
				56232F512E72B178001F8B87 /* IconsUITests */,
			);
			name = IconsUITests;
			packageProductDependencies = (
			);
			productName = IconsUITests;
			productReference = 56232F4E2E72B178001F8B87 /* IconsUITests.xctest */;
			productType = "com.apple.product-type.bundle.ui-testing";
		};
/* End PBXNativeTarget section */

/* Begin PBXProject section */
		56232F2E2E72B178001F8B87 /* Project object */ = {
			isa = PBXProject;
			attributes = {
				BuildIndependentTargetsInParallel = 1;
				LastSwiftUpdateCheck = 1640;
				LastUpgradeCheck = 1640;
				TargetAttributes = {
					56232F352E72B178001F8B87 = {
						CreatedOnToolsVersion = 16.4;
					};
					56232F432E72B178001F8B87 = {
						CreatedOnToolsVersion = 16.4;
						TestTargetID = 56232F352E72B178001F8B87;
					};
					56232F4D2E72B178001F8B87 = {
						CreatedOnToolsVersion = 16.4;
						TestTargetID = 56232F352E72B178001F8B87;
					};
				};
			};
			buildConfigurationList = 56232F312E72B178001F8B87 /* Build configuration list for PBXProject "Icons" */;
			developmentRegion = en;
			hasScannedForEncodings = 0;
			knownRegions = (
				en,
				Base,
			);
			mainGroup = 56232F2D2E72B178001F8B87;
			minimizedProjectReferenceProxies = 1;
			preferredProjectObjectVersion = 77;
			productRefGroup = 56232F372E72B178001F8B87 /* Products */;
			projectDirPath = "";
			projectRoot = "";
			targets = (
				56232F352E72B178001F8B87 /* Icons */,
				56232F432E72B178001F8B87 /* IconsTests */,
				56232F4D2E72B178001F8B87 /* IconsUITests */,
			);
		};
/* End PBXProject section */

/* Begin PBXResourcesBuildPhase section */
		56232F342E72B178001F8B87 /* Resources */ = {
			isa = PBXResourcesBuildPhase;
			buildActionMask = 2147483647;
			files = (
			);
			runOnlyForDeploymentPostprocessing = 0;
		};
		56232F422E72B178001F8B87 /* Resources */ = {
			isa = PBXResourcesBuildPhase;
			buildActionMask = 2147483647;
			files = (
			);
			runOnlyForDeploymentPostprocessing = 0;
		};
		56232F4C2E72B178001F8B87 /* Resources */ = {
			isa = PBXResourcesBuildPhase;
			buildActionMask = 2147483647;
			files = (
			);
			runOnlyForDeploymentPostprocessing = 0;
		};
/* End PBXResourcesBuildPhase section */

/* Begin PBXSourcesBuildPhase section */
		56232F322E72B178001F8B87 /* Sources */ = {
			isa = PBXSourcesBuildPhase;
			buildActionMask = 2147483647;
			files = (
			);
			runOnlyForDeploymentPostprocessing = 0;
		};
		56232F402E72B178001F8B87 /* Sources */ = {
			isa = PBXSourcesBuildPhase;
			buildActionMask = 2147483647;
			files = (
			);
			runOnlyForDeploymentPostprocessing = 0;
		};
		56232F4A2E72B178001F8B87 /* Sources */ = {
			isa = PBXSourcesBuildPhase;
			buildActionMask = 2147483647;
			files = (
			);
			runOnlyForDeploymentPostprocessing = 0;
		};
/* End PBXSourcesBuildPhase section */

/* Begin PBXTargetDependency section */
		56232F462E72B178001F8B87 /* PBXTargetDependency */ = {
			isa = PBXTargetDependency;
			target = 56232F352E72B178001F8B87 /* Icons */;
			targetProxy = 56232F452E72B178001F8B87 /* PBXContainerItemProxy */;
		};
		56232F502E72B178001F8B87 /* PBXTargetDependency */ = {
			isa = PBXTargetDependency;
			target = 56232F352E72B178001F8B87 /* Icons */;
			targetProxy = 56232F4F2E72B178001F8B87 /* PBXContainerItemProxy */;
		};
/* End PBXTargetDependency section */

/* Begin XCBuildConfiguration section */
		56232F562E72B178001F8B87 /* Debug */ = {
			isa = XCBuildConfiguration;
			buildSettings = {
				ALWAYS_SEARCH_USER_PATHS = NO;
				ASSETCATALOG_COMPILER_GENERATE_SWIFT_ASSET_SYMBOL_EXTENSIONS = YES;
				CLANG_ANALYZER_NONNULL = YES;
				CLANG_ANALYZER_NUMBER_OBJECT_CONVERSION = YES_AGGRESSIVE;
				CLANG_CXX_LANGUAGE_STANDARD = "gnu++20";
				CLANG_ENABLE_MODULES = YES;
				CLANG_ENABLE_OBJC_ARC = YES;
				CLANG_ENABLE_OBJC_WEAK = YES;
				CLANG_WARN_BLOCK_CAPTURE_AUTORELEASING = YES;
				CLANG_WARN_BOOL_CONVERSION = YES;
				CLANG_WARN_COMMA = YES;
				CLANG_WARN_CONSTANT_CONVERSION = YES;
				CLANG_WARN_DEPRECATED_OBJC_IMPLEMENTATIONS = YES;
				CLANG_WARN_DIRECT_OBJC_ISA_USAGE = YES_ERROR;
				CLANG_WARN_DOCUMENTATION_COMMENTS = YES;
				CLANG_WARN_EMPTY_BODY = YES;
				CLANG_WARN_ENUM_CONVERSION = YES;
				CLANG_WARN_INFINITE_RECURSION = YES;
				CLANG_WARN_INT_CONVERSION = YES;
				CLANG_WARN_NON_LITERAL_NULL_CONVERSION = YES;
				CLANG_WARN_OBJC_IMPLICIT_RETAIN_SELF = YES;
				CLANG_WARN_OBJC_LITERAL_CONVERSION = YES;
				CLANG_WARN_OBJC_ROOT_CLASS = YES_ERROR;
				CLANG_WARN_QUOTED_INCLUDE_IN_FRAMEWORK_HEADER = YES;
				CLANG_WARN_RANGE_LOOP_ANALYSIS = YES;
				CLANG_WARN_STRICT_PROTOTYPES = YES;
				CLANG_WARN_SUSPICIOUS_MOVE = YES;
				CLANG_WARN_UNGUARDED_AVAILABILITY = YES_AGGRESSIVE;
				CLANG_WARN_UNREACHABLE_CODE = YES;
				CLANG_WARN__DUPLICATE_METHOD_MATCH = YES;
				COPY_PHASE_STRIP = NO;
				DEBUG_INFORMATION_FORMAT = dwarf;
				DEVELOPMENT_TEAM = K9K3YXMQN2;
				ENABLE_STRICT_OBJC_MSGSEND = YES;
				ENABLE_TESTABILITY = YES;
				ENABLE_USER_SCRIPT_SANDBOXING = YES;
				GCC_C_LANGUAGE_STANDARD = gnu17;
				GCC_DYNAMIC_NO_PIC = NO;
				GCC_NO_COMMON_BLOCKS = YES;
				GCC_OPTIMIZATION_LEVEL = 0;
				GCC_PREPROCESSOR_DEFINITIONS = (
					"DEBUG=1",
					"$(inherited)",
				);
				GCC_WARN_64_TO_32_BIT_CONVERSION = YES;
				GCC_WARN_ABOUT_RETURN_TYPE = YES_ERROR;
				GCC_WARN_UNDECLARED_SELECTOR = YES;
				GCC_WARN_UNINITIALIZED_AUTOS = YES_AGGRESSIVE;
				GCC_WARN_UNUSED_FUNCTION = YES;
				GCC_WARN_UNUSED_VARIABLE = YES;
				LOCALIZATION_PREFERS_STRING_CATALOGS = YES;
				MACOSX_DEPLOYMENT_TARGET = 15.5;
				MTL_ENABLE_DEBUG_INFO = INCLUDE_SOURCE;
				MTL_FAST_MATH = YES;
				ONLY_ACTIVE_ARCH = YES;
				SDKROOT = macosx;
				SWIFT_ACTIVE_COMPILATION_CONDITIONS = "DEBUG $(inherited)";
				SWIFT_OPTIMIZATION_LEVEL = "-Onone";
			};
			name = Debug;
		};
		56232F572E72B178001F8B87 /* Release */ = {
			isa = XCBuildConfiguration;
			buildSettings = {
				ALWAYS_SEARCH_USER_PATHS = NO;
				ASSETCATALOG_COMPILER_GENERATE_SWIFT_ASSET_SYMBOL_EXTENSIONS = YES;
				CLANG_ANALYZER_NONNULL = YES;
				CLANG_ANALYZER_NUMBER_OBJECT_CONVERSION = YES_AGGRESSIVE;
				CLANG_CXX_LANGUAGE_STANDARD = "gnu++20";
				CLANG_ENABLE_MODULES = YES;
				CLANG_ENABLE_OBJC_ARC = YES;
				CLANG_ENABLE_OBJC_WEAK = YES;
				CLANG_WARN_BLOCK_CAPTURE_AUTORELEASING = YES;
				CLANG_WARN_BOOL_CONVERSION = YES;
				CLANG_WARN_COMMA = YES;
				CLANG_WARN_CONSTANT_CONVERSION = YES;
				CLANG_WARN_DEPRECATED_OBJC_IMPLEMENTATIONS = YES;
				CLANG_WARN_DIRECT_OBJC_ISA_USAGE = YES_ERROR;
				CLANG_WARN_DOCUMENTATION_COMMENTS = YES;
				CLANG_WARN_EMPTY_BODY = YES;
				CLANG_WARN_ENUM_CONVERSION = YES;
				CLANG_WARN_INFINITE_RECURSION = YES;
				CLANG_WARN_INT_CONVERSION = YES;
				CLANG_WARN_NON_LITERAL_NULL_CONVERSION = YES;
				CLANG_WARN_OBJC_IMPLICIT_RETAIN_SELF = YES;
				CLANG_WARN_OBJC_LITERAL_CONVERSION = YES;
				CLANG_WARN_OBJC_ROOT_CLASS = YES_ERROR;
				CLANG_WARN_QUOTED_INCLUDE_IN_FRAMEWORK_HEADER = YES;
				CLANG_WARN_RANGE_LOOP_ANALYSIS = YES;
				CLANG_WARN_STRICT_PROTOTYPES = YES;
				CLANG_WARN_SUSPICIOUS_MOVE = YES;
				CLANG_WARN_UNGUARDED_AVAILABILITY = YES_AGGRESSIVE;
				CLANG_WARN_UNREACHABLE_CODE = YES;
				CLANG_WARN__DUPLICATE_METHOD_MATCH = YES;
				COPY_PHASE_STRIP = NO;
				DEBUG_INFORMATION_FORMAT = "dwarf-with-dsym";
				DEVELOPMENT_TEAM = K9K3YXMQN2;
				ENABLE_NS_ASSERTIONS = NO;
				ENABLE_STRICT_OBJC_MSGSEND = YES;
				ENABLE_USER_SCRIPT_SANDBOXING = YES;
				GCC_C_LANGUAGE_STANDARD = gnu17;
				GCC_NO_COMMON_BLOCKS = YES;
				GCC_WARN_64_TO_32_BIT_CONVERSION = YES;
				GCC_WARN_ABOUT_RETURN_TYPE = YES_ERROR;
				GCC_WARN_UNDECLARED_SELECTOR = YES;
				GCC_WARN_UNINITIALIZED_AUTOS = YES_AGGRESSIVE;
				GCC_WARN_UNUSED_FUNCTION = YES;
				GCC_WARN_UNUSED_VARIABLE = YES;
				LOCALIZATION_PREFERS_STRING_CATALOGS = YES;
				MACOSX_DEPLOYMENT_TARGET = 15.5;
				MTL_ENABLE_DEBUG_INFO = NO;
				MTL_FAST_MATH = YES;
				SDKROOT = macosx;
				SWIFT_COMPILATION_MODE = wholemodule;
			};
			name = Release;
		};
		56232F592E72B178001F8B87 /* Debug */ = {
			isa = XCBuildConfiguration;
			buildSettings = {
				ASSETCATALOG_COMPILER_APPICON_NAME = AppIcon;
				ASSETCATALOG_COMPILER_GLOBAL_ACCENT_COLOR_NAME = AccentColor;
				CODE_SIGN_ENTITLEMENTS = Icons/Icons.entitlements;
				CODE_SIGN_STYLE = Automatic;
				COMBINE_HIDPI_IMAGES = YES;
				CURRENT_PROJECT_VERSION = 1;
				DEVELOPMENT_TEAM = K9K3YXMQN2;
				ENABLE_HARDENED_RUNTIME = YES;
				ENABLE_PREVIEWS = YES;
				GENERATE_INFOPLIST_FILE = NO;
				INFOPLIST_FILE = Icons/Info.plist;
				INFOPLIST_KEY_NSHumanReadableCopyright = "";
				LD_RUNPATH_SEARCH_PATHS = (
					"$(inherited)",
					"@executable_path/../Frameworks",
				);
				MARKETING_VERSION = 1.0;
				PRODUCT_BUNDLE_IDENTIFIER = com.kartz.Icons;
				PRODUCT_NAME = "$(TARGET_NAME)";
				REGISTER_APP_GROUPS = YES;
				SWIFT_EMIT_LOC_STRINGS = YES;
				SWIFT_VERSION = 5.0;
			};
			name = Debug;
		};
		56232F5A2E72B178001F8B87 /* Release */ = {
			isa = XCBuildConfiguration;
			buildSettings = {
				ASSETCATALOG_COMPILER_APPICON_NAME = AppIcon;
				ASSETCATALOG_COMPILER_GLOBAL_ACCENT_COLOR_NAME = AccentColor;
				CODE_SIGN_ENTITLEMENTS = Icons/Icons.entitlements;
				CODE_SIGN_STYLE = Automatic;
				COMBINE_HIDPI_IMAGES = YES;
				CURRENT_PROJECT_VERSION = 1;
				DEVELOPMENT_TEAM = K9K3YXMQN2;
				ENABLE_HARDENED_RUNTIME = YES;
				ENABLE_PREVIEWS = YES;
				GENERATE_INFOPLIST_FILE = NO;
				INFOPLIST_FILE = Icons/Info.plist;
				INFOPLIST_KEY_NSHumanReadableCopyright = "";
				LD_RUNPATH_SEARCH_PATHS = (
					"$(inherited)",
					"@executable_path/../Frameworks",
				);
				MARKETING_VERSION = 1.0;
				PRODUCT_BUNDLE_IDENTIFIER = com.kartz.Icons;
				PRODUCT_NAME = "$(TARGET_NAME)";
				REGISTER_APP_GROUPS = YES;
				SWIFT_EMIT_LOC_STRINGS = YES;
				SWIFT_VERSION = 5.0;
			};
			name = Release;
		};
		56232F5C2E72B178001F8B87 /* Debug */ = {
			isa = XCBuildConfiguration;
			buildSettings = {
				BUNDLE_LOADER = "$(TEST_HOST)";
				CODE_SIGN_STYLE = Automatic;
				CURRENT_PROJECT_VERSION = 1;
				DEVELOPMENT_TEAM = K9K3YXMQN2;
				GENERATE_INFOPLIST_FILE = YES;
				MACOSX_DEPLOYMENT_TARGET = 15.5;
				MARKETING_VERSION = 1.0;
				PRODUCT_BUNDLE_IDENTIFIER = com.kartz.IconsTests;
				PRODUCT_NAME = "$(TARGET_NAME)";
				SWIFT_EMIT_LOC_STRINGS = NO;
				SWIFT_VERSION = 5.0;
				TEST_HOST = "$(BUILT_PRODUCTS_DIR)/Icons.app/$(BUNDLE_EXECUTABLE_FOLDER_PATH)/Icons";
			};
			name = Debug;
		};
		56232F5D2E72B178001F8B87 /* Release */ = {
			isa = XCBuildConfiguration;
			buildSettings = {
				BUNDLE_LOADER = "$(TEST_HOST)";
				CODE_SIGN_STYLE = Automatic;
				CURRENT_PROJECT_VERSION = 1;
				DEVELOPMENT_TEAM = K9K3YXMQN2;
				GENERATE_INFOPLIST_FILE = YES;
				MACOSX_DEPLOYMENT_TARGET = 15.5;
				MARKETING_VERSION = 1.0;
				PRODUCT_BUNDLE_IDENTIFIER = com.kartz.IconsTests;
				PRODUCT_NAME = "$(TARGET_NAME)";
				SWIFT_EMIT_LOC_STRINGS = NO;
				SWIFT_VERSION = 5.0;
				TEST_HOST = "$(BUILT_PRODUCTS_DIR)/Icons.app/$(BUNDLE_EXECUTABLE_FOLDER_PATH)/Icons";
			};
			name = Release;
		};
		56232F5F2E72B178001F8B87 /* Debug */ = {
			isa = XCBuildConfiguration;
			buildSettings = {
				CODE_SIGN_STYLE = Automatic;
				CURRENT_PROJECT_VERSION = 1;
				DEVELOPMENT_TEAM = K9K3YXMQN2;
				GENERATE_INFOPLIST_FILE = YES;
				MARKETING_VERSION = 1.0;
				PRODUCT_BUNDLE_IDENTIFIER = com.kartz.IconsUITests;
				PRODUCT_NAME = "$(TARGET_NAME)";
				SWIFT_EMIT_LOC_STRINGS = NO;
				SWIFT_VERSION = 5.0;
				TEST_TARGET_NAME = Icons;
			};
			name = Debug;
		};
		56232F602E72B178001F8B87 /* Release */ = {
			isa = XCBuildConfiguration;
			buildSettings = {
				CODE_SIGN_STYLE = Automatic;
				CURRENT_PROJECT_VERSION = 1;
				DEVELOPMENT_TEAM = K9K3YXMQN2;
				GENERATE_INFOPLIST_FILE = YES;
				MARKETING_VERSION = 1.0;
				PRODUCT_BUNDLE_IDENTIFIER = com.kartz.IconsUITests;
				PRODUCT_NAME = "$(TARGET_NAME)";
				SWIFT_EMIT_LOC_STRINGS = NO;
				SWIFT_VERSION = 5.0;
				TEST_TARGET_NAME = Icons;
			};
			name = Release;
		};
/* End XCBuildConfiguration section */

/* Begin XCConfigurationList section */
		56232F312E72B178001F8B87 /* Build configuration list for PBXProject "Icons" */ = {
			isa = XCConfigurationList;
			buildConfigurations = (
				56232F562E72B178001F8B87 /* Debug */,
				56232F572E72B178001F8B87 /* Release */,
			);
			defaultConfigurationIsVisible = 0;
			defaultConfigurationName = Release;
		};
		56232F582E72B178001F8B87 /* Build configuration list for PBXNativeTarget "Icons" */ = {
			isa = XCConfigurationList;
			buildConfigurations = (
				56232F592E72B178001F8B87 /* Debug */,
				56232F5A2E72B178001F8B87 /* Release */,
			);
			defaultConfigurationIsVisible = 0;
			defaultConfigurationName = Release;
		};
		56232F5B2E72B178001F8B87 /* Build configuration list for PBXNativeTarget "IconsTests" */ = {
			isa = XCConfigurationList;
			buildConfigurations = (
				56232F5C2E72B178001F8B87 /* Debug */,
				56232F5D2E72B178001F8B87 /* Release */,
			);
			defaultConfigurationIsVisible = 0;
			defaultConfigurationName = Release;
		};
		56232F5E2E72B178001F8B87 /* Build configuration list for PBXNativeTarget "IconsUITests" */ = {
			isa = XCConfigurationList;
			buildConfigurations = (
				56232F5F2E72B178001F8B87 /* Debug */,
				56232F602E72B178001F8B87 /* Release */,
			);
			defaultConfigurationIsVisible = 0;
			defaultConfigurationName = Release;
		};
/* End XCConfigurationList section */
	};
	rootObject = 56232F2E2E72B178001F8B87 /* Project object */;
}
